
Microsoft Visual Studio Solution File, Format Version 12.00
# Visual Studio Version 17
VisualStudioVersion = 17.13.35806.99 d17.13
MinimumVisualStudioVersion = 10.0.40219.1
Project("{FAE04EC0-301F-11D3-BF4B-00C04F79EFBC}") = "FarmersMarketTest", "FarmersMarketTest\FarmersMarketTest.csproj", "{C5CCC51E-E3AB-4D59-BDD1-3BE25CD8AC8E}"
EndProject
Global
	GlobalSection(SolutionConfigurationPlatforms) = preSolution
		Debug|Any CPU = Debug|Any CPU
		Release|Any CPU = Release|Any CPU
	EndGlobalSection
	GlobalSection(ProjectConfigurationPlatforms) = postSolution
		{C5CCC51E-E3AB-4D59-BDD1-3BE25CD8AC8E}.Debug|Any CPU.ActiveCfg = Debug|Any CPU
		{C5CCC51E-E3AB-4D59-BDD1-3BE25CD8AC8E}.Debug|Any CPU.Build.0 = Debug|Any CPU
		{C5CCC51E-E3AB-4D59-BDD1-3BE25CD8AC8E}.Release|Any CPU.ActiveCfg = Release|Any CPU
		{C5CCC51E-E3AB-4D59-BDD1-3BE25CD8AC8E}.Release|Any CPU.Build.0 = Release|Any CPU
	EndGlobalSection
	GlobalSection(SolutionProperties) = preSolution
		HideSolutionNode = FALSE
	EndGlobalSection
	GlobalSection(ExtensibilityGlobals) = postSolution
		SolutionGuid = {BF7D3980-87F1-4810-8812-2940C4F9DB0A}
	EndGlobalSection
EndGlobal
